
Microsoft Visual Studio Solution File, Format Version 12.00
# Visual Studio Version 17
VisualStudioVersion = 17.9.34728.123
MinimumVisualStudioVersion = 10.0.40219.1
Project("{FAE04EC0-301F-11D3-BF4B-00C04F79EFBC}") = "Temel", "Temel\Temel.csproj", "{C9363088-4655-4140-9C8D-B757892508F4}"
EndProject
Global
	GlobalSection(SolutionConfigurationPlatforms) = preSolution
		Debug|Any CPU = Debug|Any CPU
		Release|Any CPU = Release|Any CPU
	EndGlobalSection
	GlobalSection(ProjectConfigurationPlatforms) = postSolution
		{C9363088-4655-4140-9C8D-B757892508F4}.Debug|Any CPU.ActiveCfg = Debug|Any CPU
		{C9363088-4655-4140-9C8D-B757892508F4}.Debug|Any CPU.Build.0 = Debug|Any CPU
		{C9363088-4655-4140-9C8D-B757892508F4}.Release|Any CPU.ActiveCfg = Release|Any CPU
		{C9363088-4655-4140-9C8D-B757892508F4}.Release|Any CPU.Build.0 = Release|Any CPU
	EndGlobalSection
	GlobalSection(SolutionProperties) = preSolution
		HideSolutionNode = FALSE
	EndGlobalSection
	GlobalSection(ExtensibilityGlobals) = postSolution
		SolutionGuid = {F5882A2E-3544-4DC6-96A4-A97AA2B5B44A}
	EndGlobalSection
EndGlobal
